// !$*UTF8*$!
{
	archiveVersion = 1;
	classes = {
	};
	objectVersion = 46;
	objects = {

/* Begin PBXBuildFile section */
		2F4BC85E1D4EDFD3007B6483 /* MoveViewController.swift in Sources */ = {isa = PBXBuildFile; fileRef = 2F4BC85D1D4EDFD3007B6483 /* MoveViewController.swift */; };
		2F77A2541D4B2BE6008853C2 /* AppDelegate.swift in Sources */ = {isa = PBXBuildFile; fileRef = 2F77A2531D4B2BE6008853C2 /* AppDelegate.swift */; };
		2F77A2561D4B2BE6008853C2 /* ViewController.swift in Sources */ = {isa = PBXBuildFile; fileRef = 2F77A2551D4B2BE6008853C2 /* ViewController.swift */; };
		2F77A2591D4B2BE6008853C2 /* Main.storyboard in Resources */ = {isa = PBXBuildFile; fileRef = 2F77A2571D4B2BE6008853C2 /* Main.storyboard */; };
		2F77A25B1D4B2BE6008853C2 /* Assets.xcassets in Resources */ = {isa = PBXBuildFile; fileRef = 2F77A25A1D4B2BE6008853C2 /* Assets.xcassets */; };
		2F77A25E1D4B2BE6008853C2 /* LaunchScreen.storyboard in Resources */ = {isa = PBXBuildFile; fileRef = 2F77A25C1D4B2BE6008853C2 /* LaunchScreen.storyboard */; };
/* End PBXBuildFile section */

/* Begin PBXFileReference section */
		2F4BC85D1D4EDFD3007B6483 /* MoveViewController.swift */ = {isa = PBXFileReference; fileEncoding = 4; lastKnownFileType = sourcecode.swift; path = MoveViewController.swift; sourceTree = "<group>"; };
		2F77A2501D4B2BE6008853C2 /* SlideshowApp.app */ = {isa = PBXFileReference; explicitFileType = wrapper.application; includeInIndex = 0; path = SlideshowApp.app; sourceTree = BUILT_PRODUCTS_DIR; };
		2F77A2531D4B2BE6008853C2 /* AppDelegate.swift */ = {isa = PBXFileReference; lastKnownFileType = sourcecode.swift; path = AppDelegate.swift; sourceTree = "<group>"; };
		2F77A2551D4B2BE6008853C2 /* ViewController.swift */ = {isa = PBXFileReference; lastKnownFileType = sourcecode.swift; path = ViewController.swift; sourceTree = "<group>"; };
		2F77A2581D4B2BE6008853C2 /* Base */ = {isa = PBXFileReference; lastKnownFileType = file.storyboard; name = Base; path = Base.lproj/Main.storyboard; sourceTree = "<group>"; };
		2F77A25A1D4B2BE6008853C2 /* Assets.xcassets */ = {isa = PBXFileReference; lastKnownFileType = folder.assetcatalog; path = Assets.xcassets; sourceTree = "<group>"; };
		2F77A25D1D4B2BE6008853C2 /* Base */ = {isa = PBXFileReference; lastKnownFileType = file.storyboard; name = Base; path = Base.lproj/LaunchScreen.storyboard; sourceTree = "<group>"; };
		2F77A25F1D4B2BE6008853C2 /* Info.plist */ = {isa = PBXFileReference; lastKnownFileType = text.plist.xml; path = Info.plist; sourceTree = "<group>"; };
/* End PBXFileReference section */

/* Begin PBXFrameworksBuildPhase section */
		2F77A24D1D4B2BE6008853C2 /* Frameworks */ = {
			isa = PBXFrameworksBuildPhase;
			buildActionMask = 2147483647;
			files = (
			);
			runOnlyForDeploymentPostprocessing = 0;
		};
/* End PBXFrameworksBuildPhase section */

/* Begin PBXGroup section */
		2F77A2471D4B2BE5008853C2 = {
			isa = PBXGroup;
			children = (
				2F77A2521D4B2BE6008853C2 /* SlideshowApp */,
				2F77A2511D4B2BE6008853C2 /* Products */,
			);
			sourceTree = "<group>";
		};
		2F77A2511D4B2BE6008853C2 /* Products */ = {
			isa = PBXGroup;
			children = (
				2F77A2501D4B2BE6008853C2 /* SlideshowApp.app */,
			);
			name = Products;
			sourceTree = "<group>";
		};
		2F77A2521D4B2BE6008853C2 /* SlideshowApp */ = {
			isa = PBXGroup;
			children = (
				2F77A2531D4B2BE6008853C2 /* AppDelegate.swift */,
				2F77A2551D4B2BE6008853C2 /* ViewController.swift */,
				2F4BC85D1D4EDFD3007B6483 /* MoveViewController.swift */,
				2F77A2571D4B2BE6008853C2 /* Main.storyboard */,
				2F77A25A1D4B2BE6008853C2 /* Assets.xcassets */,
				2F77A25C1D4B2BE6008853C2 /* LaunchScreen.storyboard */,
				2F77A25F1D4B2BE6008853C2 /* Info.plist */,
			);
			path = SlideshowApp;
			sourceTree = "<group>";
		};
/* End PBXGroup section */

/* Begin PBXNativeTarget section */
		2F77A24F1D4B2BE6008853C2 /* SlideshowApp */ = {
			isa = PBXNativeTarget;
			buildConfigurationList = 2F77A2621D4B2BE6008853C2 /* Build configuration list for PBXNativeTarget "SlideshowApp" */;
			buildPhases = (
				2F77A24C1D4B2BE6008853C2 /* Sources */,
				2F77A24D1D4B2BE6008853C2 /* Frameworks */,
				2F77A24E1D4B2BE6008853C2 /* Resources */,
			);
			buildRules = (
			);
			dependencies = (
			);
			name = SlideshowApp;
			productName = SlideshowApp;
			productReference = 2F77A2501D4B2BE6008853C2 /* SlideshowApp.app */;
			productType = "com.apple.product-type.application";
		};
/* End PBXNativeTarget section */

/* Begin PBXProject section */
		2F77A2481D4B2BE6008853C2 /* Project object */ = {
			isa = PBXProject;
			attributes = {
				LastSwiftUpdateCheck = 0730;
				LastUpgradeCheck = 0730;
				ORGANIZATIONNAME = masahiro.kitamura;
				TargetAttributes = {
					2F77A24F1D4B2BE6008853C2 = {
						CreatedOnToolsVersion = 7.3.1;
					};
				};
			};
			buildConfigurationList = 2F77A24B1D4B2BE6008853C2 /* Build configuration list for PBXProject "SlideshowApp" */;
			compatibilityVersion = "Xcode 3.2";
			developmentRegion = English;
			hasScannedForEncodings = 0;
			knownRegions = (
				en,
				Base,
			);
			mainGroup = 2F77A2471D4B2BE5008853C2;
			productRefGroup = 2F77A2511D4B2BE6008853C2 /* Products */;
			projectDirPath = "";
			projectRoot = "";
			targets = (
				2F77A24F1D4B2BE6008853C2 /* SlideshowApp */,
			);
		};
/* End PBXProject section */

/* Begin PBXResourcesBuildPhase section */
		2F77A24E1D4B2BE6008853C2 /* Resources */ = {
			isa = PBXResourcesBuildPhase;
			buildActionMask = 2147483647;
			files = (
				2F77A25E1D4B2BE6008853C2 /* LaunchScreen.storyboard in Resources */,
				2F77A25B1D4B2BE6008853C2 /* Assets.xcassets in Resources */,
				2F77A2591D4B2BE6008853C2 /* Main.storyboard in Resources */,
			);
			runOnlyForDeploymentPostprocessing = 0;
		};
/* End PBXResourcesBuildPhase section */

/* Begin PBXSourcesBuildPhase section */
		2F77A24C1D4B2BE6008853C2 /* Sources */ = {
			isa = PBXSourcesBuildPhase;
			buildActionMask = 2147483647;
			files = (
				2F77A2561D4B2BE6008853C2 /* ViewController.swift in Sources */,
				2F77A2541D4B2BE6008853C2 /* AppDelegate.swift in Sources */,
				2F4BC85E1D4EDFD3007B6483 /* MoveViewController.swift in Sources */,
			);
			runOnlyForDeploymentPostprocessing = 0;
		};
/* End PBXSourcesBuildPhase section */

/* Begin PBXVariantGroup section */
		2F77A2571D4B2BE6008853C2 /* Main.storyboard */ = {
			isa = PBXVariantGroup;
			children = (
				2F77A2581D4B2BE6008853C2 /* Base */,
			);
			name = Main.storyboard;
			sourceTree = "<group>";
		};
		2F77A25C1D4B2BE6008853C2 /* LaunchScreen.storyboard */ = {
			isa = PBXVariantGroup;
			children = (
				2F77A25D1D4B2BE6008853C2 /* Base */,
			);
			name = LaunchScreen.storyboard;
			sourceTree = "<group>";
		};
/* End PBXVariantGroup section */

/* Begin XCBuildConfiguration section */
		2F77A2601D4B2BE6008853C2 /* Debug */ = {
			isa = XCBuildConfiguration;
			buildSettings = {
				ALWAYS_SEARCH_USER_PATHS = NO;
				CLANG_ANALYZER_NONNULL = YES;
				CLANG_CXX_LANGUAGE_STANDARD = "gnu++0x";
				CLANG_CXX_LIBRARY = "libc++";
				CLANG_ENABLE_MODULES = YES;
				CLANG_ENABLE_OBJC_ARC = YES;
				CLANG_WARN_BOOL_CONVERSION = YES;
				CLANG_WARN_CONSTANT_CONVERSION = YES;
				CLANG_WARN_DIRECT_OBJC_ISA_USAGE = YES_ERROR;
				CLANG_WARN_EMPTY_BODY = YES;
				CLANG_WARN_ENUM_CONVERSION = YES;
				CLANG_WARN_INT_CONVERSION = YES;
				CLANG_WARN_OBJC_ROOT_CLASS = YES_ERROR;
				CLANG_WARN_UNREACHABLE_CODE = YES;
				CLANG_WARN__DUPLICATE_METHOD_MATCH = YES;
				"CODE_SIGN_IDENTITY[sdk=iphoneos*]" = "iPhone Developer";
				COPY_PHASE_STRIP = NO;
				DEBUG_INFORMATION_FORMAT = dwarf;
				ENABLE_STRICT_OBJC_MSGSEND = YES;
				ENABLE_TESTABILITY = YES;
				GCC_C_LANGUAGE_STANDARD = gnu99;
				GCC_DYNAMIC_NO_PIC = NO;
				GCC_NO_COMMON_BLOCKS = YES;
				GCC_OPTIMIZATION_LEVEL = 0;
				GCC_PREPROCESSOR_DEFINITIONS = (
					"DEBUG=1",
					"$(inherited)",
				);
				GCC_WARN_64_TO_32_BIT_CONVERSION = YES;
				GCC_WARN_ABOUT_RETURN_TYPE = YES_ERROR;
				GCC_WARN_UNDECLARED_SELECTOR = YES;
				GCC_WARN_UNINITIALIZED_AUTOS = YES_AGGRESSIVE;
				GCC_WARN_UNUSED_FUNCTION = YES;
				GCC_WARN_UNUSED_VARIABLE = YES;
				IPHONEOS_DEPLOYMENT_TARGET = 9.3;
				MTL_ENABLE_DEBUG_INFO = YES;
				ONLY_ACTIVE_ARCH = YES;
				SDKROOT = iphoneos;
				SWIFT_OPTIMIZATION_LEVEL = "-Onone";
			};
			name = Debug;
		};
		2F77A2611D4B2BE6008853C2 /* Release */ = {
			isa = XCBuildConfiguration;
			buildSettings = {
				ALWAYS_SEARCH_USER_PATHS = NO;
				CLANG_ANALYZER_NONNULL = YES;
				CLANG_CXX_LANGUAGE_STANDARD = "gnu++0x";
				CLANG_CXX_LIBRARY = "libc++";
				CLANG_ENABLE_MODULES = YES;
				CLANG_ENABLE_OBJC_ARC = YES;
				CLANG_WARN_BOOL_CONVERSION = YES;
				CLANG_WARN_CONSTANT_CONVERSION = YES;
				CLANG_WARN_DIRECT_OBJC_ISA_USAGE = YES_ERROR;
				CLANG_WARN_EMPTY_BODY = YES;
				CLANG_WARN_ENUM_CONVERSION = YES;
				CLANG_WARN_INT_CONVERSION = YES;
				CLANG_WARN_OBJC_ROOT_CLASS = YES_ERROR;
				CLANG_WARN_UNREACHABLE_CODE = YES;
				CLANG_WARN__DUPLICATE_METHOD_MATCH = YES;
				"CODE_SIGN_IDENTITY[sdk=iphoneos*]" = "iPhone Developer";
				COPY_PHASE_STRIP = NO;
				DEBUG_INFORMATION_FORMAT = "dwarf-with-dsym";
				ENABLE_NS_ASSERTIONS = NO;
				ENABLE_STRICT_OBJC_MSGSEND = YES;
				GCC_C_LANGUAGE_STANDARD = gnu99;
				GCC_NO_COMMON_BLOCKS = YES;
				GCC_WARN_64_TO_32_BIT_CONVERSION = YES;
				GCC_WARN_ABOUT_RETURN_TYPE = YES_ERROR;
				GCC_WARN_UNDECLARED_SELECTOR = YES;
				GCC_WARN_UNINITIALIZED_AUTOS = YES_AGGRESSIVE;
				GCC_WARN_UNUSED_FUNCTION = YES;
				GCC_WARN_UNUSED_VARIABLE = YES;
				IPHONEOS_DEPLOYMENT_TARGET = 9.3;
				MTL_ENABLE_DEBUG_INFO = NO;
				SDKROOT = iphoneos;
				VALIDATE_PRODUCT = YES;
			};
			name = Release;
		};
		2F77A2631D4B2BE6008853C2 /* Debug */ = {
			isa = XCBuildConfiguration;
			buildSettings = {
				ASSETCATALOG_COMPILER_APPICON_NAME = AppIcon;
				INFOPLIST_FILE = SlideshowApp/Info.plist;
				IPHONEOS_DEPLOYMENT_TARGET = 9.3;
				LD_RUNPATH_SEARCH_PATHS = "$(inherited) @executable_path/Frameworks";
				PRODUCT_BUNDLE_IDENTIFIER = jp.techacademy.masahiro.kitamura.SlideshowApp;
				PRODUCT_NAME = "$(TARGET_NAME)";
			};
			name = Debug;
		};
		2F77A2641D4B2BE6008853C2 /* Release */ = {
			isa = XCBuildConfiguration;
			buildSettings = {
				ASSETCATALOG_COMPILER_APPICON_NAME = AppIcon;
				INFOPLIST_FILE = SlideshowApp/Info.plist;
				IPHONEOS_DEPLOYMENT_TARGET = 9.3;
				LD_RUNPATH_SEARCH_PATHS = "$(inherited) @executable_path/Frameworks";
				PRODUCT_BUNDLE_IDENTIFIER = jp.techacademy.masahiro.kitamura.SlideshowApp;
				PRODUCT_NAME = "$(TARGET_NAME)";
			};
			name = Release;
		};
/* End XCBuildConfiguration section */

/* Begin XCConfigurationList section */
		2F77A24B1D4B2BE6008853C2 /* Build configuration list for PBXProject "SlideshowApp" */ = {
			isa = XCConfigurationList;
			buildConfigurations = (
				2F77A2601D4B2BE6008853C2 /* Debug */,
				2F77A2611D4B2BE6008853C2 /* Release */,
			);
			defaultConfigurationIsVisible = 0;
			defaultConfigurationName = Release;
		};
		2F77A2621D4B2BE6008853C2 /* Build configuration list for PBXNativeTarget "SlideshowApp" */ = {
			isa = XCConfigurationList;
			buildConfigurations = (
				2F77A2631D4B2BE6008853C2 /* Debug */,
				2F77A2641D4B2BE6008853C2 /* Release */,
			);
			defaultConfigurationIsVisible = 0;
			defaultConfigurationName = Release;
		};
/* End XCConfigurationList section */
	};
	rootObject = 2F77A2481D4B2BE6008853C2 /* Project object */;
}
